
Microsoft Visual Studio Solution File, Format Version 12.00
Project("{FAE04EC0-301F-11D3-BF4B-00C04F79EFBC}") = "LinkedStashChests", "src\LinkedStashChests\LinkedStashChests.csproj", "{B9644231-27DB-4713-87C2-1DD64CAA3898}"
EndProject
Project("{FAE04EC0-301F-11D3-BF4B-00C04F79EFBC}") = "OutwardMod-CoopUIScaler", "src\OutwardMod-CoopUIScaler\OutwardMod-CoopUIScaler.csproj", "{E0C1BB96-88B1-4D56-8888-8FC4D8C7CAB9}"
EndProject
Project("{2150E333-8FDC-42A3-9474-1A3956D46DE8}") = "SolutionFolder", "SolutionFolder", "{AA397283-C118-49EE-A35D-0803BC87E791}"
ProjectSection(SolutionItems) = preProject
	UserPaths.props.template = UserPaths.props.template
	UserPaths.props = UserPaths.props
	README.md = README.md
	.gitignore = .gitignore
	LICENSE = LICENSE
EndProjectSection
EndProject
Global
	GlobalSection(SolutionConfigurationPlatforms) = preSolution
		Debug|Any CPU = Debug|Any CPU
		Release|Any CPU = Release|Any CPU
	EndGlobalSection
	GlobalSection(ProjectConfigurationPlatforms) = postSolution
		{B9644231-27DB-4713-87C2-1DD64CAA3898}.Debug|Any CPU.ActiveCfg = Debug|Any CPU
		{B9644231-27DB-4713-87C2-1DD64CAA3898}.Debug|Any CPU.Build.0 = Debug|Any CPU
		{B9644231-27DB-4713-87C2-1DD64CAA3898}.Release|Any CPU.ActiveCfg = Release|Any CPU
		{B9644231-27DB-4713-87C2-1DD64CAA3898}.Release|Any CPU.Build.0 = Release|Any CPU
		{E0C1BB96-88B1-4D56-8888-8FC4D8C7CAB9}.Debug|Any CPU.ActiveCfg = Debug|Any CPU
		{E0C1BB96-88B1-4D56-8888-8FC4D8C7CAB9}.Debug|Any CPU.Build.0 = Debug|Any CPU
		{E0C1BB96-88B1-4D56-8888-8FC4D8C7CAB9}.Release|Any CPU.ActiveCfg = Release|Any CPU
		{E0C1BB96-88B1-4D56-8888-8FC4D8C7CAB9}.Release|Any CPU.Build.0 = Release|Any CPU
	EndGlobalSection
	GlobalSection(NestedProjects) = preSolution
	EndGlobalSection
EndGlobal
